{
  "../lib/forge-std": {
    "rev": "bf647bd6046f2f7da30d0c2bf435e5c76a780c1b"
  },
  "../lib/reactive-lib-omni": {
    "rev": "3ade0dcf1d27e67e5783ef807e73a1b9e0c0cce8"
  },
  "../lib/v4-hooks-public": {
    "rev": "f2aa843e266f8f9b34fdaf94ffb72eda5d9204f9"
  },
  "lib/forge-std": {
    "tag": {
      "name": "v1.16.2",
      "rev": "bf647bd6046f2f7da30d0c2bf435e5c76a780c1b"
    }
  },
  "lib/reactive-lib-omni": {
    "tag": {
      "name": "v0.1.0",
      "rev": "3ade0dcf1d27e67e5783ef807e73a1b9e0c0cce8"
    }
  }
}